
Microsoft Visual Studio Solution File, Format Version 12.00
# Visual Studio Version 16
VisualStudioVersion = 16.0.29324.140
MinimumVisualStudioVersion = 10.0.40219.1
Project("{FAE04EC0-301F-11D3-BF4B-00C04F79EFBC}") = "IraNyePortfolio", "IraNyePortfolio\IraNyePortfolio.csproj", "{C3F02997-6229-4EB0-82EE-2EDF2CFBF9EA}"
EndProject
Global
	GlobalSection(SolutionConfigurationPlatforms) = preSolution
		Debug|Any CPU = Debug|Any CPU
		Release|Any CPU = Release|Any CPU
	EndGlobalSection
	GlobalSection(ProjectConfigurationPlatforms) = postSolution
		{C3F02997-6229-4EB0-82EE-2EDF2CFBF9EA}.Debug|Any CPU.ActiveCfg = Debug|Any CPU
		{C3F02997-6229-4EB0-82EE-2EDF2CFBF9EA}.Debug|Any CPU.Build.0 = Debug|Any CPU
		{C3F02997-6229-4EB0-82EE-2EDF2CFBF9EA}.Release|Any CPU.ActiveCfg = Release|Any CPU
		{C3F02997-6229-4EB0-82EE-2EDF2CFBF9EA}.Release|Any CPU.Build.0 = Release|Any CPU
	EndGlobalSection
	GlobalSection(SolutionProperties) = preSolution
		HideSolutionNode = FALSE
	EndGlobalSection
	GlobalSection(ExtensibilityGlobals) = postSolution
		SolutionGuid = {8E90396B-28D0-4AA6-B95E-5F178D562269}
	EndGlobalSection
EndGlobal
